PODS:
  - Flutter (1.0.0)
  - ios_platform_images (0.0.1):
    - Flutter
  - url_launcher (0.0.1):
    - Flutter

DEPENDENCIES:
  - Flutter (from `Flutter`)
  - ios_platform_images (from `.symlinks/plugins/ios_platform_images/ios`)
  - url_launcher (from `.symlinks/plugins/url_launcher/ios`)

EXTERNAL SOURCES:
  Flutter:
    :path: Flutter
  ios_platform_images:
    :path: ".symlinks/plugins/ios_platform_images/ios"
  url_launcher:
    :path: ".symlinks/plugins/url_launcher/ios"

SPEC CHECKSUMS:
  Flutter: 434fef37c0980e73bb6479ef766c45957d4b510c
  ios_platform_images: 8dea35d2db257ac6a4cda1ef5dda433cd5dd7ec0
  url_launcher: 6fef411d543ceb26efce54b05a0a40bfd74cbbef

PODFILE CHECKSUM: aafe91acc616949ddb318b77800a7f51bffa2a4c

COCOAPODS: 1.10.1
